
Microsoft Visual Studio Solution File, Format Version 12.00
# Visual Studio Version 16
VisualStudioVersion = 16.0.32228.343
MinimumVisualStudioVersion = 10.0.40219.1
Project("{FAE04EC0-301F-11D3-BF4B-00C04F79EFBC}") = "MemoryGame", "MemoryGame\MemoryGame.csproj", "{88A651EA-5DCA-4CAE-8BCD-13AABBCBE8A6}"
EndProject
Global
	GlobalSection(SolutionConfigurationPlatforms) = preSolution
		Debug|Any CPU = Debug|Any CPU
		Release|Any CPU = Release|Any CPU
	EndGlobalSection
	GlobalSection(ProjectConfigurationPlatforms) = postSolution
		{88A651EA-5DCA-4CAE-8BCD-13AABBCBE8A6}.Debug|Any CPU.ActiveCfg = Debug|Any CPU
		{88A651EA-5DCA-4CAE-8BCD-13AABBCBE8A6}.Debug|Any CPU.Build.0 = Debug|Any CPU
		{88A651EA-5DCA-4CAE-8BCD-13AABBCBE8A6}.Release|Any CPU.ActiveCfg = Release|Any CPU
		{88A651EA-5DCA-4CAE-8BCD-13AABBCBE8A6}.Release|Any CPU.Build.0 = Release|Any CPU
	EndGlobalSection
	GlobalSection(SolutionProperties) = preSolution
		HideSolutionNode = FALSE
	EndGlobalSection
	GlobalSection(ExtensibilityGlobals) = postSolution
		SolutionGuid = {F8FF3C7A-7234-40B6-9CBE-8510FBF72F36}
	EndGlobalSection
EndGlobal
